
Microsoft Visual Studio Solution File, Format Version 12.00
# Visual Studio Version 17
VisualStudioVersion = 17.5.33502.453
MinimumVisualStudioVersion = 10.0.40219.1
Project("{FAE04EC0-301F-11D3-BF4B-00C04F79EFBC}") = "WpfApp1", "WpfApp1\WpfApp1.csproj", "{97A0AAF9-9001-4C6D-BB2F-36723A8343D9}"
EndProject
Global
	GlobalSection(SolutionConfigurationPlatforms) = preSolution
		Debug|Any CPU = Debug|Any CPU
		Release|Any CPU = Release|Any CPU
	EndGlobalSection
	GlobalSection(ProjectConfigurationPlatforms) = postSolution
		{97A0AAF9-9001-4C6D-BB2F-36723A8343D9}.Debug|Any CPU.ActiveCfg = Debug|Any CPU
		{97A0AAF9-9001-4C6D-BB2F-36723A8343D9}.Debug|Any CPU.Build.0 = Debug|Any CPU
		{97A0AAF9-9001-4C6D-BB2F-36723A8343D9}.Release|Any CPU.ActiveCfg = Release|Any CPU
		{97A0AAF9-9001-4C6D-BB2F-36723A8343D9}.Release|Any CPU.Build.0 = Release|Any CPU
	EndGlobalSection
	GlobalSection(SolutionProperties) = preSolution
		HideSolutionNode = FALSE
	EndGlobalSection
	GlobalSection(ExtensibilityGlobals) = postSolution
		SolutionGuid = {31133622-0C91-4FB2-99DA-DA29CEF3B0E2}
	EndGlobalSection
EndGlobal
